
Microsoft Visual Studio Solution File, Format Version 12.00
# Visual Studio 15
VisualStudioVersion = 15.0.26430.13
MinimumVisualStudioVersion = 10.0.40219.1
Project("{FAE04EC0-301F-11D3-BF4B-00C04F79EFBC}") = "wObserve.app", "wObserve.app\wObserve.app.csproj", "{8DDCF729-0279-4031-BDA2-8A8F44E21AB3}"
EndProject
Project("{FAE04EC0-301F-11D3-BF4B-00C04F79EFBC}") = "wObserve.ui", "wObserve.ui\wObserve.ui.csproj", "{34C4F4B1-C09D-4906-BC95-4CAA1CF46655}"
EndProject
Project("{FAE04EC0-301F-11D3-BF4B-00C04F79EFBC}") = "wObserve.tests", "wObserve.tests\wObserve.tests.csproj", "{0CE2CB3B-9328-468D-936F-C725BC611A7C}"
EndProject
Global
	GlobalSection(SolutionConfigurationPlatforms) = preSolution
		Debug|Any CPU = Debug|Any CPU
		Release|Any CPU = Release|Any CPU
	EndGlobalSection
	GlobalSection(ProjectConfigurationPlatforms) = postSolution
		{8DDCF729-0279-4031-BDA2-8A8F44E21AB3}.Debug|Any CPU.ActiveCfg = Debug|Any CPU
		{8DDCF729-0279-4031-BDA2-8A8F44E21AB3}.Debug|Any CPU.Build.0 = Debug|Any CPU
		{8DDCF729-0279-4031-BDA2-8A8F44E21AB3}.Release|Any CPU.ActiveCfg = Release|Any CPU
		{8DDCF729-0279-4031-BDA2-8A8F44E21AB3}.Release|Any CPU.Build.0 = Release|Any CPU
		{34C4F4B1-C09D-4906-BC95-4CAA1CF46655}.Debug|Any CPU.ActiveCfg = Debug|Any CPU
		{34C4F4B1-C09D-4906-BC95-4CAA1CF46655}.Debug|Any CPU.Build.0 = Debug|Any CPU
		{34C4F4B1-C09D-4906-BC95-4CAA1CF46655}.Release|Any CPU.ActiveCfg = Release|Any CPU
		{34C4F4B1-C09D-4906-BC95-4CAA1CF46655}.Release|Any CPU.Build.0 = Release|Any CPU
		{0CE2CB3B-9328-468D-936F-C725BC611A7C}.Debug|Any CPU.ActiveCfg = Debug|Any CPU
		{0CE2CB3B-9328-468D-936F-C725BC611A7C}.Debug|Any CPU.Build.0 = Debug|Any CPU
		{0CE2CB3B-9328-468D-936F-C725BC611A7C}.Release|Any CPU.ActiveCfg = Release|Any CPU
		{0CE2CB3B-9328-468D-936F-C725BC611A7C}.Release|Any CPU.Build.0 = Release|Any CPU
	EndGlobalSection
	GlobalSection(SolutionProperties) = preSolution
		HideSolutionNode = FALSE
	EndGlobalSection
EndGlobal
